
Microsoft Visual Studio Solution File, Format Version 12.00
# Visual Studio Version 17
VisualStudioVersion = 17.4.33403.182
MinimumVisualStudioVersion = 10.0.40219.1
Project("{FAE04EC0-301F-11D3-BF4B-00C04F79EFBC}") = "DeTInYarneStaatVoorTiming", "DeTInYarneStaatVoorTiming\DeTInYarneStaatVoorTiming.csproj", "{618CC4D1-6530-4EBC-BAFE-2F414485B13D}"
EndProject
Global
	GlobalSection(SolutionConfigurationPlatforms) = preSolution
		Debug|Any CPU = Debug|Any CPU
		Release|Any CPU = Release|Any CPU
	EndGlobalSection
	GlobalSection(ProjectConfigurationPlatforms) = postSolution
		{618CC4D1-6530-4EBC-BAFE-2F414485B13D}.Debug|Any CPU.ActiveCfg = Debug|Any CPU
		{618CC4D1-6530-4EBC-BAFE-2F414485B13D}.Debug|Any CPU.Build.0 = Debug|Any CPU
		{618CC4D1-6530-4EBC-BAFE-2F414485B13D}.Release|Any CPU.ActiveCfg = Release|Any CPU
		{618CC4D1-6530-4EBC-BAFE-2F414485B13D}.Release|Any CPU.Build.0 = Release|Any CPU
	EndGlobalSection
	GlobalSection(SolutionProperties) = preSolution
		HideSolutionNode = FALSE
	EndGlobalSection
	GlobalSection(ExtensibilityGlobals) = postSolution
		SolutionGuid = {67B2FA34-50D1-437B-9E6D-F8B8F93FC959}
	EndGlobalSection
EndGlobal
